
Microsoft Visual Studio Solution File, Format Version 12.00
# Visual Studio 15
VisualStudioVersion = 15.0.28307.168
MinimumVisualStudioVersion = 10.0.40219.1
Project("{8BC9CEB8-8B4A-11D0-8D11-00A0C91BC942}") = "DearImguiLearning", "DearImguiLearning\DearImguiLearning.vcxproj", "{255F2B2F-DF19-4AEC-BE5A-1446E59F46A5}"
EndProject
Global
	GlobalSection(SolutionConfigurationPlatforms) = preSolution
		Debug|x64 = Debug|x64
		Debug|x86 = Debug|x86
		Release|x64 = Release|x64
		Release|x86 = Release|x86
	EndGlobalSection
	GlobalSection(ProjectConfigurationPlatforms) = postSolution
		{255F2B2F-DF19-4AEC-BE5A-1446E59F46A5}.Debug|x64.ActiveCfg = Debug|x64
		{255F2B2F-DF19-4AEC-BE5A-1446E59F46A5}.Debug|x64.Build.0 = Debug|x64
		{255F2B2F-DF19-4AEC-BE5A-1446E59F46A5}.Debug|x86.ActiveCfg = Debug|Win32
		{255F2B2F-DF19-4AEC-BE5A-1446E59F46A5}.Debug|x86.Build.0 = Debug|Win32
		{255F2B2F-DF19-4AEC-BE5A-1446E59F46A5}.Release|x64.ActiveCfg = Release|x64
		{255F2B2F-DF19-4AEC-BE5A-1446E59F46A5}.Release|x64.Build.0 = Release|x64
		{255F2B2F-DF19-4AEC-BE5A-1446E59F46A5}.Release|x86.ActiveCfg = Release|Win32
		{255F2B2F-DF19-4AEC-BE5A-1446E59F46A5}.Release|x86.Build.0 = Release|Win32
	EndGlobalSection
	GlobalSection(SolutionProperties) = preSolution
		HideSolutionNode = FALSE
	EndGlobalSection
	GlobalSection(ExtensibilityGlobals) = postSolution
		SolutionGuid = {3448E660-F1DC-40DC-9E90-F3FDB8CC2B0E}
	EndGlobalSection
EndGlobal
