<?xml version="1.0" encoding="utf-8"?>
<Project ToolsVersion="4.0" xmlns="http://schemas.microsoft.com/developer/msbuild/2003">
  <ItemGroup>
    <Filter Include="Source Files">
      <UniqueIdentifier>{4FC737F1-C7A5-4376-A066-2A32D752A2FF}</UniqueIdentifier>
      <Extensions>cpp;c;cc;cxx;def;odl;idl;hpj;bat;asm;asmx</Extensions>
    </Filter>
    <Filter Include="Header Files">
      <UniqueIdentifier>{93995380-89BD-4b04-88EB-625FBE52EBFB}</UniqueIdentifier>
      <Extensions>h;hh;hpp;hxx;hm;inl;inc;ipp;xsd</Extensions>
    </Filter>
    <Filter Include="Resource Files">
      <UniqueIdentifier>{67DA6AB6-F800-4c08-8B7A-83BB121AAD01}</UniqueIdentifier>
      <Extensions>rc;ico;cur;bmp;dlg;rc2;rct;bin;rgs;gif;jpg;jpeg;jpe;resx;tiff;tif;png;wav;mfcribbon-ms</Extensions>
    </Filter>
    <Filter Include="Source Files\Imgui">
      <UniqueIdentifier>{64f93334-3c1c-466b-90e9-d868c7f0affe}</UniqueIdentifier>
    </Filter>
    <Filter Include="Header Files\Widgets">
      <UniqueIdentifier>{ae8375f9-86a0-4b31-b7f8-9fd5e223f86e}</UniqueIdentifier>
    </Filter>
    <Filter Include="Header Files\Locator">
      <UniqueIdentifier>{488d2b12-3bc7-4fd0-a8ea-86ddb0a2e8a8}</UniqueIdentifier>
    </Filter>
    <Filter Include="Source Files\Locator">
      <UniqueIdentifier>{9b41cacc-38ff-4af7-a4b0-92f471e62f8f}</UniqueIdentifier>
    </Filter>
    <Filter Include="Header Files\MapRenderer">
      <UniqueIdentifier>{c84e93e6-f0bd-4df2-a75a-dd6d6dbe515c}</UniqueIdentifier>
    </Filter>
    <Filter Include="Source Files\MapRenderer">
      <UniqueIdentifier>{1cac7f7e-a0ed-4363-acd0-d6ff027c2038}</UniqueIdentifier>
    </Filter>
  </ItemGroup>
  <ItemGroup>
    <ClCompile Include="DearImguiLearning.cpp">
      <Filter>Source Files</Filter>
    </ClCompile>
    <ClCompile Include="..\Imgui\imgui-master\imgui.cpp">
      <Filter>Source Files\Imgui</Filter>
    </ClCompile>
    <ClCompile Include="..\Imgui\imgui-master\imgui_draw.cpp">
      <Filter>Source Files\Imgui</Filter>
    </ClCompile>
    <ClCompile Include="..\Imgui\imgui-master\imgui_widgets.cpp">
      <Filter>Source Files\Imgui</Filter>
    </ClCompile>
    <ClCompile Include="..\Imgui\imgui-master\imgui_demo.cpp">
      <Filter>Source Files\Imgui</Filter>
    </ClCompile>
    <ClCompile Include="..\Imgui\imgui-sfml-master\imgui-SFML.cpp">
      <Filter>Source Files\Imgui</Filter>
    </ClCompile>
    <ClCompile Include="ImGuiManager.cpp">
      <Filter>Source Files</Filter>
    </ClCompile>
    <ClCompile Include="Window.cpp">
      <Filter>Source Files</Filter>
    </ClCompile>
    <ClCompile Include="Widget.cpp">
      <Filter>Source Files</Filter>
    </ClCompile>
    <ClCompile Include="Locator.cpp">
      <Filter>Source Files\Locator</Filter>
    </ClCompile>
    <ClCompile Include="MapRenderer.cpp">
      <Filter>Source Files\MapRenderer</Filter>
    </ClCompile>
    <ClCompile Include="NonTiledGridManager.cpp">
      <Filter>Source Files\Locator</Filter>
    </ClCompile>
  </ItemGroup>
  <ItemGroup>
    <ClInclude Include="Camera.hpp">
      <Filter>Header Files</Filter>
    </ClInclude>
    <ClInclude Include="iRenderWindow.h">
      <Filter>Header Files\Locator</Filter>
    </ClInclude>
    <ClInclude Include="Locator.hpp">
      <Filter>Header Files\Locator</Filter>
    </ClInclude>
    <ClInclude Include="LocatorGuide.h">
      <Filter>Header Files\Locator</Filter>
    </ClInclude>
    <ClInclude Include="RenderWindow.h">
      <Filter>Header Files\Locator</Filter>
    </ClInclude>
    <ClInclude Include="ImGuiManager.hpp">
      <Filter>Header Files</Filter>
    </ClInclude>
    <ClInclude Include="Window.hpp">
      <Filter>Header Files</Filter>
    </ClInclude>
    <ClInclude Include="Widget.hpp">
      <Filter>Header Files\Widgets</Filter>
    </ClInclude>
    <ClInclude Include="InputText.hpp">
      <Filter>Header Files\Widgets</Filter>
    </ClInclude>
    <ClInclude Include="DisplayText.hpp">
      <Filter>Header Files\Widgets</Filter>
    </ClInclude>
    <ClInclude Include="MapRenderer.h">
      <Filter>Header Files\MapRenderer</Filter>
    </ClInclude>
    <ClInclude Include="NonTiledGridManager.h">
      <Filter>Header Files\MapRenderer</Filter>
    </ClInclude>
  </ItemGroup>
</Project>